
Microsoft Visual Studio Solution File, Format Version 12.00
# Visual Studio 14
VisualStudioVersion = 14.0.23107.0
MinimumVisualStudioVersion = 10.0.40219.1
Project("{FAE04EC0-301F-11D3-BF4B-00C04F79EFBC}") = "VeterinariadeBolsillo", "VeterinariadeBolsillo\VeterinariadeBolsillo.csproj", "{1065D25D-1CB5-49A7-A9CA-E542E7D63A4E}"
EndProject
Global
	GlobalSection(SolutionConfigurationPlatforms) = preSolution
		Debug|Any CPU = Debug|Any CPU
		Release|Any CPU = Release|Any CPU
	EndGlobalSection
	GlobalSection(ProjectConfigurationPlatforms) = postSolution
		{1065D25D-1CB5-49A7-A9CA-E542E7D63A4E}.Debug|Any CPU.ActiveCfg = Debug|Any CPU
		{1065D25D-1CB5-49A7-A9CA-E542E7D63A4E}.Debug|Any CPU.Build.0 = Debug|Any CPU
		{1065D25D-1CB5-49A7-A9CA-E542E7D63A4E}.Debug|Any CPU.Deploy.0 = Debug|Any CPU
		{1065D25D-1CB5-49A7-A9CA-E542E7D63A4E}.Release|Any CPU.ActiveCfg = Release|Any CPU
		{1065D25D-1CB5-49A7-A9CA-E542E7D63A4E}.Release|Any CPU.Build.0 = Release|Any CPU
		{1065D25D-1CB5-49A7-A9CA-E542E7D63A4E}.Release|Any CPU.Deploy.0 = Release|Any CPU
	EndGlobalSection
	GlobalSection(SolutionProperties) = preSolution
		HideSolutionNode = FALSE
	EndGlobalSection
EndGlobal
